
Microsoft Visual Studio Solution File, Format Version 12.00
# Visual Studio 14
VisualStudioVersion = 14.0.25420.1
MinimumVisualStudioVersion = 10.0.40219.1
Project("{00D1A9C2-B5F0-4AF3-8072-F6C62B433612}") = "IncidentDB", "IncidentDB\IncidentDB.sqlproj", "{D51B6463-D5C7-4C0D-AA6E-30C4AAB35888}"
EndProject
Project("{2150E333-8FDC-42A3-9474-1A3956D46DE8}") = "BackEnd", "BackEnd", "{40082521-E6E1-4D13-BA9A-A9E5C13098AF}"
EndProject
Project("{2150E333-8FDC-42A3-9474-1A3956D46DE8}") = "DAL", "DAL", "{610A3CE7-6D30-4917-953D-F6B9FEE76E1E}"
EndProject
Project("{2150E333-8FDC-42A3-9474-1A3956D46DE8}") = "BLL", "BLL", "{E19F5917-B593-4ED1-A714-17B66EF8AB8A}"
EndProject
Project("{FAE04EC0-301F-11D3-BF4B-00C04F79EFBC}") = "DataServices", "DataServices\DataServices.csproj", "{ADD84D4D-2828-41BD-9709-C0FDDCC6A8C9}"
EndProject
Project("{FAE04EC0-301F-11D3-BF4B-00C04F79EFBC}") = "BusinessManager", "BusinessManager\BusinessManager.csproj", "{BC216619-6271-4BE3-84E3-6216C459AF14}"
EndProject
Project("{2150E333-8FDC-42A3-9474-1A3956D46DE8}") = "FrontEnd", "FrontEnd", "{C11FA26D-06E7-4C9D-B6D2-A1EED45E2105}"
EndProject
Project("{FAE04EC0-301F-11D3-BF4B-00C04F79EFBC}") = "ClientApi", "ClientApi\ClientApi.csproj", "{729C876C-664C-4FAE-9C01-6E0C2183D935}"
EndProject
Project("{FAE04EC0-301F-11D3-BF4B-00C04F79EFBC}") = "BusinessObject", "BusinessObject\BusinessObject.csproj", "{AA60C3FF-F9D6-44C1-8C7F-FC2E3E99229E}"
EndProject
Project("{FAE04EC0-301F-11D3-BF4B-00C04F79EFBC}") = "ClientApi.Test", "ClientApi.Test\ClientApi.Test.csproj", "{71B556DF-51E6-44C8-8361-D454755A143C}"
EndProject
Project("{FAE04EC0-301F-11D3-BF4B-00C04F79EFBC}") = "IncidentWebApp", "IncidentWebApp\IncidentWebApp.csproj", "{DABBF551-5497-4704-BB1C-FBEDAB79CB3E}"
EndProject
Project("{FAE04EC0-301F-11D3-BF4B-00C04F79EFBC}") = "BackEndAPI", "BackEndAPI\BackEndAPI.csproj", "{2D24BC63-C124-4024-9950-617E46B014ED}"
EndProject
Global
	GlobalSection(SolutionConfigurationPlatforms) = preSolution
		Debug|Any CPU = Debug|Any CPU
		Release|Any CPU = Release|Any CPU
	EndGlobalSection
	GlobalSection(ProjectConfigurationPlatforms) = postSolution
		{D51B6463-D5C7-4C0D-AA6E-30C4AAB35888}.Debug|Any CPU.ActiveCfg = Debug|Any CPU
		{D51B6463-D5C7-4C0D-AA6E-30C4AAB35888}.Debug|Any CPU.Build.0 = Debug|Any CPU
		{D51B6463-D5C7-4C0D-AA6E-30C4AAB35888}.Debug|Any CPU.Deploy.0 = Debug|Any CPU
		{D51B6463-D5C7-4C0D-AA6E-30C4AAB35888}.Release|Any CPU.ActiveCfg = Release|Any CPU
		{D51B6463-D5C7-4C0D-AA6E-30C4AAB35888}.Release|Any CPU.Build.0 = Release|Any CPU
		{D51B6463-D5C7-4C0D-AA6E-30C4AAB35888}.Release|Any CPU.Deploy.0 = Release|Any CPU
		{ADD84D4D-2828-41BD-9709-C0FDDCC6A8C9}.Debug|Any CPU.ActiveCfg = Debug|Any CPU
		{ADD84D4D-2828-41BD-9709-C0FDDCC6A8C9}.Debug|Any CPU.Build.0 = Debug|Any CPU
		{ADD84D4D-2828-41BD-9709-C0FDDCC6A8C9}.Release|Any CPU.ActiveCfg = Release|Any CPU
		{ADD84D4D-2828-41BD-9709-C0FDDCC6A8C9}.Release|Any CPU.Build.0 = Release|Any CPU
		{BC216619-6271-4BE3-84E3-6216C459AF14}.Debug|Any CPU.ActiveCfg = Debug|Any CPU
		{BC216619-6271-4BE3-84E3-6216C459AF14}.Debug|Any CPU.Build.0 = Debug|Any CPU
		{BC216619-6271-4BE3-84E3-6216C459AF14}.Release|Any CPU.ActiveCfg = Release|Any CPU
		{BC216619-6271-4BE3-84E3-6216C459AF14}.Release|Any CPU.Build.0 = Release|Any CPU
		{729C876C-664C-4FAE-9C01-6E0C2183D935}.Debug|Any CPU.ActiveCfg = Debug|Any CPU
		{729C876C-664C-4FAE-9C01-6E0C2183D935}.Debug|Any CPU.Build.0 = Debug|Any CPU
		{729C876C-664C-4FAE-9C01-6E0C2183D935}.Release|Any CPU.ActiveCfg = Release|Any CPU
		{729C876C-664C-4FAE-9C01-6E0C2183D935}.Release|Any CPU.Build.0 = Release|Any CPU
		{AA60C3FF-F9D6-44C1-8C7F-FC2E3E99229E}.Debug|Any CPU.ActiveCfg = Debug|Any CPU
		{AA60C3FF-F9D6-44C1-8C7F-FC2E3E99229E}.Debug|Any CPU.Build.0 = Debug|Any CPU
		{AA60C3FF-F9D6-44C1-8C7F-FC2E3E99229E}.Release|Any CPU.ActiveCfg = Release|Any CPU
		{AA60C3FF-F9D6-44C1-8C7F-FC2E3E99229E}.Release|Any CPU.Build.0 = Release|Any CPU
		{71B556DF-51E6-44C8-8361-D454755A143C}.Debug|Any CPU.ActiveCfg = Debug|Any CPU
		{71B556DF-51E6-44C8-8361-D454755A143C}.Debug|Any CPU.Build.0 = Debug|Any CPU
		{71B556DF-51E6-44C8-8361-D454755A143C}.Release|Any CPU.ActiveCfg = Release|Any CPU
		{71B556DF-51E6-44C8-8361-D454755A143C}.Release|Any CPU.Build.0 = Release|Any CPU
		{DABBF551-5497-4704-BB1C-FBEDAB79CB3E}.Debug|Any CPU.ActiveCfg = Debug|Any CPU
		{DABBF551-5497-4704-BB1C-FBEDAB79CB3E}.Debug|Any CPU.Build.0 = Debug|Any CPU
		{DABBF551-5497-4704-BB1C-FBEDAB79CB3E}.Release|Any CPU.ActiveCfg = Release|Any CPU
		{DABBF551-5497-4704-BB1C-FBEDAB79CB3E}.Release|Any CPU.Build.0 = Release|Any CPU
		{2D24BC63-C124-4024-9950-617E46B014ED}.Debug|Any CPU.ActiveCfg = Debug|Any CPU
		{2D24BC63-C124-4024-9950-617E46B014ED}.Debug|Any CPU.Build.0 = Debug|Any CPU
		{2D24BC63-C124-4024-9950-617E46B014ED}.Release|Any CPU.ActiveCfg = Release|Any CPU
		{2D24BC63-C124-4024-9950-617E46B014ED}.Release|Any CPU.Build.0 = Release|Any CPU
	EndGlobalSection
	GlobalSection(SolutionProperties) = preSolution
		HideSolutionNode = FALSE
	EndGlobalSection
	GlobalSection(NestedProjects) = preSolution
		{D51B6463-D5C7-4C0D-AA6E-30C4AAB35888} = {610A3CE7-6D30-4917-953D-F6B9FEE76E1E}
		{610A3CE7-6D30-4917-953D-F6B9FEE76E1E} = {40082521-E6E1-4D13-BA9A-A9E5C13098AF}
		{E19F5917-B593-4ED1-A714-17B66EF8AB8A} = {40082521-E6E1-4D13-BA9A-A9E5C13098AF}
		{ADD84D4D-2828-41BD-9709-C0FDDCC6A8C9} = {610A3CE7-6D30-4917-953D-F6B9FEE76E1E}
		{BC216619-6271-4BE3-84E3-6216C459AF14} = {E19F5917-B593-4ED1-A714-17B66EF8AB8A}
		{729C876C-664C-4FAE-9C01-6E0C2183D935} = {C11FA26D-06E7-4C9D-B6D2-A1EED45E2105}
		{AA60C3FF-F9D6-44C1-8C7F-FC2E3E99229E} = {E19F5917-B593-4ED1-A714-17B66EF8AB8A}
		{71B556DF-51E6-44C8-8361-D454755A143C} = {C11FA26D-06E7-4C9D-B6D2-A1EED45E2105}
		{DABBF551-5497-4704-BB1C-FBEDAB79CB3E} = {C11FA26D-06E7-4C9D-B6D2-A1EED45E2105}
		{2D24BC63-C124-4024-9950-617E46B014ED} = {40082521-E6E1-4D13-BA9A-A9E5C13098AF}
	EndGlobalSection
EndGlobal
